// !$*UTF8*$!
{
	archiveVersion = 1;
	classes = {
	};
	objectVersion = 51;
	objects = {

/* Begin PBXAggregateTarget section */
		7A3D7B428521DDF8E9F2D5F5 /* SwiftLint */ = {
			isa = PBXAggregateTarget;
			buildConfigurationList = E6A0F043CB0399302599F753 /* Build configuration list for PBXAggregateTarget "SwiftLint" */;
			buildPhases = (
				3920F99CEB438FF20E4F3B98 /* SwiftLint */,
			);
			dependencies = (
			);
			name = SwiftLint;
			productName = SwiftLint;
		};
/* End PBXAggregateTarget section */

/* Begin PBXBuildFile section */
		15427BFFB57FB89E243B8F09 /* Todo_V5.ContentView.swift in Sources */ = {isa = PBXBuildFile; fileRef = 51F8C64B62BC8EAAAA9ADD92 /* Todo_V5.ContentView.swift */; };
		1A0914F577E1CB152C863EFD /* Todo_V2.ContentView.swift in Sources */ = {isa = PBXBuildFile; fileRef = B09875329D37FFF798472F3B /* Todo_V2.ContentView.swift */; };
		1DCCC73681C8AB16DB12EF96 /* ComposableArchitecture in Frameworks */ = {isa = PBXBuildFile; productRef = D6CC9C82B47F946AAA1DBC0D /* ComposableArchitecture */; };
		1DEBDED2C54B398B994F3C1C /* Todo_V6.ContentView.swift in Sources */ = {isa = PBXBuildFile; fileRef = E91A8468D3452C2F46633455 /* Todo_V6.ContentView.swift */; };
		3135FDAFEA910A436BA090CC /* Todo_V4.ContentView.swift in Sources */ = {isa = PBXBuildFile; fileRef = C8126D53446394271DEFB466 /* Todo_V4.ContentView.swift */; };
		35B05DBAC08B269EC41FC792 /* DevTools.framework in Embed Frameworks */ = {isa = PBXBuildFile; fileRef = BE2D5D6074C70C45801EC502 /* DevTools.framework */; settings = {ATTRIBUTES = (CodeSignOnCopy, RemoveHeadersOnCopy, ); }; };
		4693440C1408CB3F68060C6C /* RJSLibUFBase in Frameworks */ = {isa = PBXBuildFile; productRef = 2EA92284B472E080BE8AFA8C /* RJSLibUFBase */; };
		56C08672FE22FECBE7029F5E /* RJSLibUFDesignables in Frameworks */ = {isa = PBXBuildFile; productRef = B3A34B733A5B7C7AED1668F4 /* RJSLibUFDesignables */; };
		63FD85C952D89282A9216BD4 /* XCTest.framework in Frameworks */ = {isa = PBXBuildFile; fileRef = D80CB0A7C73274C7648FDB1F /* XCTest.framework */; };
		686314B07ED0B89A689057D2 /* Todo_V1.ContentView.swift in Sources */ = {isa = PBXBuildFile; fileRef = 1114074E25957566C3AFF84B /* Todo_V1.ContentView.swift */; };
		6ED25000F4D1B2E0880633D4 /* SceneDelegate.swift in Sources */ = {isa = PBXBuildFile; fileRef = E2AD9FF9D2E3ECC300C10E4C /* SceneDelegate.swift */; };
		72973602FF3703072E95726E /* RJSLibUFAppThemes in Frameworks */ = {isa = PBXBuildFile; productRef = 872A9E9AD27290B6A043EA3E /* RJSLibUFAppThemes */; };
		7A7DB1A7235F51A04165B8CC /* Prime_V2.swift in Sources */ = {isa = PBXBuildFile; fileRef = 2FAB04367225E64B47F4E2AA /* Prime_V2.swift */; };
		81B505BAF57C558C63DC6DD0 /* Main.storyboard in Resources */ = {isa = PBXBuildFile; fileRef = 4F390CCBB36E85FEEC33FCEC /* Main.storyboard */; };
		8D056292AA3458347580E128 /* GoodToGoTests.swift in Sources */ = {isa = PBXBuildFile; fileRef = B4EC5529FDB2E0C8CADE48A9 /* GoodToGoTests.swift */; };
		8F98A78E8326FB5196006513 /* Todo_V8.ContentView.swift in Sources */ = {isa = PBXBuildFile; fileRef = 693358B8019D0E872BF78D3B /* Todo_V8.ContentView.swift */; };
		96FB861F1C060E3183067C02 /* Extensions.swift in Sources */ = {isa = PBXBuildFile; fileRef = 09DB471588C2F9CE2889F379 /* Extensions.swift */; };
		9703BE51FE69C0DD2EA6AE4D /* Todo_V3.ContentView.swift in Sources */ = {isa = PBXBuildFile; fileRef = 0ABB3AF846881EDDC48F5285 /* Todo_V3.ContentView.swift */; };
		97DE693F25A8677938A3C52B /* Extensions.framework in Frameworks */ = {isa = PBXBuildFile; fileRef = F630FA3528DFCDC3CB629E68 /* Extensions.framework */; };
		99C2BE9387423860ECCBE883 /* CTArchitecture.app in Frameworks */ = {isa = PBXBuildFile; fileRef = 09FD382424344AF18F080D8D /* CTArchitecture.app */; };
		A44C08D49011DF45B40C7966 /* LaunchScreen.storyboard in Resources */ = {isa = PBXBuildFile; fileRef = E8944E3E8EE09AEC0B8AAAF6 /* LaunchScreen.storyboard */; };
		AE3222013E179DF4AC6C6F88 /* Prime_V3.swift in Sources */ = {isa = PBXBuildFile; fileRef = 416FC358A2053FBEB4C566B8 /* Prime_V3.swift */; };
		BAEBC97D7B99D051ED3AD653 /* Prime_V1.swift in Sources */ = {isa = PBXBuildFile; fileRef = 778A093CA743ADDCEB58183A /* Prime_V1.swift */; };
		BE189C7B31BAC05DDC36CE3F /* DevTools.framework in Frameworks */ = {isa = PBXBuildFile; fileRef = BE2D5D6074C70C45801EC502 /* DevTools.framework */; };
		BED50C128EF5B807E168E001 /* DevTools.swift in Sources */ = {isa = PBXBuildFile; fileRef = 0836991CA2FCDF1DC6A1A0AC /* DevTools.swift */; };
		CA93646B3539F13B2DA64FC6 /* AppDelegate.swift in Sources */ = {isa = PBXBuildFile; fileRef = 5589840F78BCF547AA266057 /* AppDelegate.swift */; };
		CFEE262A811AC1E8D9BC841F /* Utils.swift in Sources */ = {isa = PBXBuildFile; fileRef = 8EFED4263F7E6DBBC3ED5F62 /* Utils.swift */; };
		E7858A47B7D2AB66EA19ED02 /* TabBarController.swift in Sources */ = {isa = PBXBuildFile; fileRef = A1B1A9EE948C1B47867A42DC /* TabBarController.swift */; };
		EA938B4ADE7F77DF63BAAFAB /* Extensions.framework in Embed Frameworks */ = {isa = PBXBuildFile; fileRef = F630FA3528DFCDC3CB629E68 /* Extensions.framework */; settings = {ATTRIBUTES = (CodeSignOnCopy, RemoveHeadersOnCopy, ); }; };
		EBCD6CB9233D1BAC2BF8FA5F /* Assets.xcassets in Resources */ = {isa = PBXBuildFile; fileRef = FDB4FE56B9CB4F5DB86319AE /* Assets.xcassets */; };
		F538B6C0D95B0CE303E2704A /* Todo_V7.ContentView.swift in Sources */ = {isa = PBXBuildFile; fileRef = C76DE41DFFE187039F06F40A /* Todo_V7.ContentView.swift */; };
/* End PBXBuildFile section */

/* Begin PBXContainerItemProxy section */
		2230FC575B200ED5285CFD1E /* PBXContainerItemProxy */ = {
			isa = PBXContainerItemProxy;
			containerPortal = A509B945C9ED9CF946795F57 /* Project object */;
			proxyType = 1;
			remoteGlobalIDString = E95DB0D8B3F3E9793F5A9496;
			remoteInfo = Extensions;
		};
		6483EF5D4DC865A155E75F02 /* PBXContainerItemProxy */ = {
			isa = PBXContainerItemProxy;
			containerPortal = A509B945C9ED9CF946795F57 /* Project object */;
			proxyType = 1;
			remoteGlobalIDString = 35E63D868EFBD9C732671E54;
			remoteInfo = CTArchitecture;
		};
		FE79CA5CB8E4B41166512DC7 /* PBXContainerItemProxy */ = {
			isa = PBXContainerItemProxy;
			containerPortal = A509B945C9ED9CF946795F57 /* Project object */;
			proxyType = 1;
			remoteGlobalIDString = 7D9205EEE8BDCF3A686BDEB3;
			remoteInfo = DevTools;
		};
/* End PBXContainerItemProxy section */

/* Begin PBXCopyFilesBuildPhase section */
		855D4FA80206F1522094EE58 /* Embed Frameworks */ = {
			isa = PBXCopyFilesBuildPhase;
			buildActionMask = 2147483647;
			dstPath = "";
			dstSubfolderSpec = 10;
			files = (
				35B05DBAC08B269EC41FC792 /* DevTools.framework in Embed Frameworks */,
				EA938B4ADE7F77DF63BAAFAB /* Extensions.framework in Embed Frameworks */,
			);
			name = "Embed Frameworks";
			runOnlyForDeploymentPostprocessing = 0;
		};
/* End PBXCopyFilesBuildPhase section */

/* Begin PBXFileReference section */
		057523420FFBBD54FF9CD380 /* Graph.viz */ = {isa = PBXFileReference; path = Graph.viz; sourceTree = "<group>"; };
		0836991CA2FCDF1DC6A1A0AC /* DevTools.swift */ = {isa = PBXFileReference; lastKnownFileType = sourcecode.swift; path = DevTools.swift; sourceTree = "<group>"; };
		09DB471588C2F9CE2889F379 /* Extensions.swift */ = {isa = PBXFileReference; lastKnownFileType = sourcecode.swift; path = Extensions.swift; sourceTree = "<group>"; };
		09FD382424344AF18F080D8D /* CTArchitecture.app */ = {isa = PBXFileReference; includeInIndex = 0; lastKnownFileType = wrapper.application; path = CTArchitecture.app; sourceTree = BUILT_PRODUCTS_DIR; };
		0ABB3AF846881EDDC48F5285 /* Todo_V3.ContentView.swift */ = {isa = PBXFileReference; lastKnownFileType = sourcecode.swift; path = Todo_V3.ContentView.swift; sourceTree = "<group>"; };
		1114074E25957566C3AFF84B /* Todo_V1.ContentView.swift */ = {isa = PBXFileReference; lastKnownFileType = sourcecode.swift; path = Todo_V1.ContentView.swift; sourceTree = "<group>"; };
		130487230F2DD5A8B5F68BBD /* Base */ = {isa = PBXFileReference; lastKnownFileType = file.storyboard; name = Base; path = Base.lproj/LaunchScreen.storyboard; sourceTree = "<group>"; };
		2FAB04367225E64B47F4E2AA /* Prime_V2.swift */ = {isa = PBXFileReference; lastKnownFileType = sourcecode.swift; path = Prime_V2.swift; sourceTree = "<group>"; };
		3BB814F943FC1A0D68A05F80 /* Info.plist */ = {isa = PBXFileReference; lastKnownFileType = text.plist; path = Info.plist; sourceTree = "<group>"; };
		416FC358A2053FBEB4C566B8 /* Prime_V3.swift */ = {isa = PBXFileReference; lastKnownFileType = sourcecode.swift; path = Prime_V3.swift; sourceTree = "<group>"; };
		51F8C64B62BC8EAAAA9ADD92 /* Todo_V5.ContentView.swift */ = {isa = PBXFileReference; lastKnownFileType = sourcecode.swift; path = Todo_V5.ContentView.swift; sourceTree = "<group>"; };
		5367123DCFAE8735CBE872AE /* Info.plist */ = {isa = PBXFileReference; lastKnownFileType = text.plist; path = Info.plist; sourceTree = "<group>"; };
		5589840F78BCF547AA266057 /* AppDelegate.swift */ = {isa = PBXFileReference; lastKnownFileType = sourcecode.swift; path = AppDelegate.swift; sourceTree = "<group>"; };
		5E49A8ED97FE7CCEC31C10AE /* install.1.png */ = {isa = PBXFileReference; lastKnownFileType = image.png; path = install.1.png; sourceTree = "<group>"; };
		64F46ACBB287FD868377B3E3 /* CTArchitectureTests.xctest */ = {isa = PBXFileReference; includeInIndex = 0; lastKnownFileType = wrapper.cfbundle; path = CTArchitectureTests.xctest; sourceTree = BUILT_PRODUCTS_DIR; };
		693358B8019D0E872BF78D3B /* Todo_V8.ContentView.swift */ = {isa = PBXFileReference; lastKnownFileType = sourcecode.swift; path = Todo_V8.ContentView.swift; sourceTree = "<group>"; };
		6C9CE16A704753FE881B354A /* Info.plist */ = {isa = PBXFileReference; lastKnownFileType = text.plist; path = Info.plist; sourceTree = "<group>"; };
		7214B34B8F048626F03CCB56 /* Graph.json */ = {isa = PBXFileReference; lastKnownFileType = text.json; path = Graph.json; sourceTree = "<group>"; };
		778A093CA743ADDCEB58183A /* Prime_V1.swift */ = {isa = PBXFileReference; lastKnownFileType = sourcecode.swift; path = Prime_V1.swift; sourceTree = "<group>"; };
		8B83D210D256874D59D8994F /* Info.plist */ = {isa = PBXFileReference; lastKnownFileType = text.plist; path = Info.plist; sourceTree = "<group>"; };
		8EFED4263F7E6DBBC3ED5F62 /* Utils.swift */ = {isa = PBXFileReference; lastKnownFileType = sourcecode.swift; path = Utils.swift; sourceTree = "<group>"; };
		A1B1A9EE948C1B47867A42DC /* TabBarController.swift */ = {isa = PBXFileReference; lastKnownFileType = sourcecode.swift; path = TabBarController.swift; sourceTree = "<group>"; };
		B09875329D37FFF798472F3B /* Todo_V2.ContentView.swift */ = {isa = PBXFileReference; lastKnownFileType = sourcecode.swift; path = Todo_V2.ContentView.swift; sourceTree = "<group>"; };
		B4EC5529FDB2E0C8CADE48A9 /* GoodToGoTests.swift */ = {isa = PBXFileReference; lastKnownFileType = sourcecode.swift; path = GoodToGoTests.swift; sourceTree = "<group>"; };
		BE2D5D6074C70C45801EC502 /* DevTools.framework */ = {isa = PBXFileReference; explicitFileType = wrapper.framework; includeInIndex = 0; path = DevTools.framework; sourceTree = BUILT_PRODUCTS_DIR; };
		C76DE41DFFE187039F06F40A /* Todo_V7.ContentView.swift */ = {isa = PBXFileReference; lastKnownFileType = sourcecode.swift; path = Todo_V7.ContentView.swift; sourceTree = "<group>"; };
		C8126D53446394271DEFB466 /* Todo_V4.ContentView.swift */ = {isa = PBXFileReference; lastKnownFileType = sourcecode.swift; path = Todo_V4.ContentView.swift; sourceTree = "<group>"; };
		CB296A31239F46173E2178BC /* Base */ = {isa = PBXFileReference; lastKnownFileType = file.storyboard; name = Base; path = Base.lproj/Main.storyboard; sourceTree = "<group>"; };
		D80CB0A7C73274C7648FDB1F /* XCTest.framework */ = {isa = PBXFileReference; lastKnownFileType = wrapper.framework; name = XCTest.framework; path = System/Library/Frameworks/XCTest.framework; sourceTree = SDKROOT; };
		E2AD9FF9D2E3ECC300C10E4C /* SceneDelegate.swift */ = {isa = PBXFileReference; lastKnownFileType = sourcecode.swift; path = SceneDelegate.swift; sourceTree = "<group>"; };
		E91A8468D3452C2F46633455 /* Todo_V6.ContentView.swift */ = {isa = PBXFileReference; lastKnownFileType = sourcecode.swift; path = Todo_V6.ContentView.swift; sourceTree = "<group>"; };
		F630FA3528DFCDC3CB629E68 /* Extensions.framework */ = {isa = PBXFileReference; explicitFileType = wrapper.framework; includeInIndex = 0; path = Extensions.framework; sourceTree = BUILT_PRODUCTS_DIR; };
		FDB4FE56B9CB4F5DB86319AE /* Assets.xcassets */ = {isa = PBXFileReference; lastKnownFileType = folder.assetcatalog; path = Assets.xcassets; sourceTree = "<group>"; };
		FFEC470486BCFBA68AED9D18 /* preview.1.png */ = {isa = PBXFileReference; lastKnownFileType = image.png; path = preview.1.png; sourceTree = "<group>"; };
/* End PBXFileReference section */

/* Begin PBXFrameworksBuildPhase section */
		30831B4C8172174046FB5C81 /* Frameworks */ = {
			isa = PBXFrameworksBuildPhase;
			buildActionMask = 2147483647;
			files = (
				4693440C1408CB3F68060C6C /* RJSLibUFBase in Frameworks */,
				72973602FF3703072E95726E /* RJSLibUFAppThemes in Frameworks */,
				56C08672FE22FECBE7029F5E /* RJSLibUFDesignables in Frameworks */,
			);
			runOnlyForDeploymentPostprocessing = 0;
		};
		4AD6F96865E16C2995A7C57B /* Frameworks */ = {
			isa = PBXFrameworksBuildPhase;
			buildActionMask = 2147483647;
			files = (
				BE189C7B31BAC05DDC36CE3F /* DevTools.framework in Frameworks */,
				97DE693F25A8677938A3C52B /* Extensions.framework in Frameworks */,
				1DCCC73681C8AB16DB12EF96 /* ComposableArchitecture in Frameworks */,
			);
			runOnlyForDeploymentPostprocessing = 0;
		};
		EDF15332C01B466C88B9DC8D /* Frameworks */ = {
			isa = PBXFrameworksBuildPhase;
			buildActionMask = 2147483647;
			files = (
				63FD85C952D89282A9216BD4 /* XCTest.framework in Frameworks */,
				99C2BE9387423860ECCBE883 /* CTArchitecture.app in Frameworks */,
			);
			runOnlyForDeploymentPostprocessing = 0;
		};
/* End PBXFrameworksBuildPhase section */

/* Begin PBXGroup section */
		36958FCCEA273A48996CCC5E /* Documents */ = {
			isa = PBXGroup;
			children = (
				7214B34B8F048626F03CCB56 /* Graph.json */,
				057523420FFBBD54FF9CD380 /* Graph.viz */,
				5E49A8ED97FE7CCEC31C10AE /* install.1.png */,
				FFEC470486BCFBA68AED9D18 /* preview.1.png */,
			);
			path = Documents;
			sourceTree = "<group>";
		};
		68D43F79822D5945F47FF614 /* DevTools */ = {
			isa = PBXGroup;
			children = (
				0836991CA2FCDF1DC6A1A0AC /* DevTools.swift */,
				6C9CE16A704753FE881B354A /* Info.plist */,
			);
			path = DevTools;
			sourceTree = "<group>";
		};
		73D24419E70588774B532940 /* Scenes.TodoApp */ = {
			isa = PBXGroup;
			children = (
				1114074E25957566C3AFF84B /* Todo_V1.ContentView.swift */,
				B09875329D37FFF798472F3B /* Todo_V2.ContentView.swift */,
				0ABB3AF846881EDDC48F5285 /* Todo_V3.ContentView.swift */,
				C8126D53446394271DEFB466 /* Todo_V4.ContentView.swift */,
				51F8C64B62BC8EAAAA9ADD92 /* Todo_V5.ContentView.swift */,
				E91A8468D3452C2F46633455 /* Todo_V6.ContentView.swift */,
				C76DE41DFFE187039F06F40A /* Todo_V7.ContentView.swift */,
				693358B8019D0E872BF78D3B /* Todo_V8.ContentView.swift */,
			);
			path = Scenes.TodoApp;
			sourceTree = "<group>";
		};
		85610E02E331FF1E778D834A /* Scenes.PrimeApp */ = {
			isa = PBXGroup;
			children = (
				778A093CA743ADDCEB58183A /* Prime_V1.swift */,
				2FAB04367225E64B47F4E2AA /* Prime_V2.swift */,
				416FC358A2053FBEB4C566B8 /* Prime_V3.swift */,
				8EFED4263F7E6DBBC3ED5F62 /* Utils.swift */,
			);
			path = Scenes.PrimeApp;
			sourceTree = "<group>";
		};
		8E8F313F53B535AFA498F5EA /* CTArchitectureTests */ = {
			isa = PBXGroup;
			children = (
				B4EC5529FDB2E0C8CADE48A9 /* GoodToGoTests.swift */,
				5367123DCFAE8735CBE872AE /* Info.plist */,
			);
			path = CTArchitectureTests;
			sourceTree = "<group>";
		};
		8FDDCD07F14D3447D2DA3E62 /* Products */ = {
			isa = PBXGroup;
			children = (
				09FD382424344AF18F080D8D /* CTArchitecture.app */,
				64F46ACBB287FD868377B3E3 /* CTArchitectureTests.xctest */,
				BE2D5D6074C70C45801EC502 /* DevTools.framework */,
				F630FA3528DFCDC3CB629E68 /* Extensions.framework */,
			);
			name = Products;
			sourceTree = "<group>";
		};
		B073C424108F2156B2B8DB97 /* Extensions */ = {
			isa = PBXGroup;
			children = (
				8B83D210D256874D59D8994F /* Info.plist */,
			);
			path = Extensions;
			sourceTree = "<group>";
		};
		BEFC7B96C901887BDF5550B1 /* Frameworks */ = {
			isa = PBXGroup;
			children = (
				D80CB0A7C73274C7648FDB1F /* XCTest.framework */,
			);
			name = Frameworks;
			sourceTree = "<group>";
		};
		D0B9D839A40455A6837CEADA /* CTArchitecture */ = {
			isa = PBXGroup;
			children = (
				85610E02E331FF1E778D834A /* Scenes.PrimeApp */,
				73D24419E70588774B532940 /* Scenes.TodoApp */,
				5589840F78BCF547AA266057 /* AppDelegate.swift */,
				FDB4FE56B9CB4F5DB86319AE /* Assets.xcassets */,
				09DB471588C2F9CE2889F379 /* Extensions.swift */,
				3BB814F943FC1A0D68A05F80 /* Info.plist */,
				E8944E3E8EE09AEC0B8AAAF6 /* LaunchScreen.storyboard */,
				4F390CCBB36E85FEEC33FCEC /* Main.storyboard */,
				E2AD9FF9D2E3ECC300C10E4C /* SceneDelegate.swift */,
				A1B1A9EE948C1B47867A42DC /* TabBarController.swift */,
			);
			path = CTArchitecture;
			sourceTree = "<group>";
		};
		F65A6559101C06CF62837B57 = {
			isa = PBXGroup;
			children = (
				D0B9D839A40455A6837CEADA /* CTArchitecture */,
				8E8F313F53B535AFA498F5EA /* CTArchitectureTests */,
				68D43F79822D5945F47FF614 /* DevTools */,
				36958FCCEA273A48996CCC5E /* Documents */,
				B073C424108F2156B2B8DB97 /* Extensions */,
				BEFC7B96C901887BDF5550B1 /* Frameworks */,
				8FDDCD07F14D3447D2DA3E62 /* Products */,
			);
			sourceTree = "<group>";
		};
/* End PBXGroup section */

/* Begin PBXNativeTarget section */
		35E63D868EFBD9C732671E54 /* CTArchitecture */ = {
			isa = PBXNativeTarget;
			buildConfigurationList = 117837531A875D5E7B4567C2 /* Build configuration list for PBXNativeTarget "CTArchitecture" */;
			buildPhases = (
				20026842F31D7986B0A5CE09 /* Sources */,
				BFAEF14882420650CFC10F7F /* Resources */,
				4AD6F96865E16C2995A7C57B /* Frameworks */,
				855D4FA80206F1522094EE58 /* Embed Frameworks */,
			);
			buildRules = (
			);
			dependencies = (
				7AEBCD562A35714C7920D19A /* PBXTargetDependency */,
				C7866869D24B544D9FC03145 /* PBXTargetDependency */,
				CDF43CD9674D26CD69464255 /* PBXTargetDependency */,
				144076BC44AC16C81967A352 /* PBXTargetDependency */,
				28EC1687702C344112D0142C /* PBXTargetDependency */,
			);
			name = CTArchitecture;
			packageProductDependencies = (
				D6CC9C82B47F946AAA1DBC0D /* ComposableArchitecture */,
			);
			productName = CTArchitecture;
			productReference = 09FD382424344AF18F080D8D /* CTArchitecture.app */;
			productType = "com.apple.product-type.application";
		};
		3C0C68BF2534A1543012E716 /* CTArchitectureTests */ = {
			isa = PBXNativeTarget;
			buildConfigurationList = 405B6DF4C1847EF0BFEC51DE /* Build configuration list for PBXNativeTarget "CTArchitectureTests" */;
			buildPhases = (
				048B5B052DF61ECF5EA362EA /* Sources */,
				EDF15332C01B466C88B9DC8D /* Frameworks */,
			);
			buildRules = (
			);
			dependencies = (
				BEF9DC28B16267ED59659AD7 /* PBXTargetDependency */,
				25F123D5D1D25DB7126B604D /* PBXTargetDependency */,
			);
			name = CTArchitectureTests;
			productName = CTArchitectureTests;
			productReference = 64F46ACBB287FD868377B3E3 /* CTArchitectureTests.xctest */;
			productType = "com.apple.product-type.bundle.unit-test";
		};
		7D9205EEE8BDCF3A686BDEB3 /* DevTools */ = {
			isa = PBXNativeTarget;
			buildConfigurationList = A3C183F9DBD2DF538F4CD666 /* Build configuration list for PBXNativeTarget "DevTools" */;
			buildPhases = (
				985CBA36A6DB8ED9D88E76D2 /* Sources */,
				30831B4C8172174046FB5C81 /* Frameworks */,
			);
			buildRules = (
			);
			dependencies = (
			);
			name = DevTools;
			packageProductDependencies = (
				2EA92284B472E080BE8AFA8C /* RJSLibUFBase */,
				872A9E9AD27290B6A043EA3E /* RJSLibUFAppThemes */,
				B3A34B733A5B7C7AED1668F4 /* RJSLibUFDesignables */,
			);
			productName = DevTools;
			productReference = BE2D5D6074C70C45801EC502 /* DevTools.framework */;
			productType = "com.apple.product-type.framework";
		};
		E95DB0D8B3F3E9793F5A9496 /* Extensions */ = {
			isa = PBXNativeTarget;
			buildConfigurationList = 811748E27A5A06758898522E /* Build configuration list for PBXNativeTarget "Extensions" */;
			buildPhases = (
				8164CA1BE4317260FA5A2BDC /* Sources */,
			);
			buildRules = (
			);
			dependencies = (
			);
			name = Extensions;
			productName = Extensions;
			productReference = F630FA3528DFCDC3CB629E68 /* Extensions.framework */;
			productType = "com.apple.product-type.framework";
		};
/* End PBXNativeTarget section */

/* Begin PBXProject section */
		A509B945C9ED9CF946795F57 /* Project object */ = {
			isa = PBXProject;
			attributes = {
				LastUpgradeCheck = 1201;
				TargetAttributes = {
				};
			};
			buildConfigurationList = FE95CDEC6225B51321221B65 /* Build configuration list for PBXProject "CTArchitecture" */;
			compatibilityVersion = "Xcode 10.0";
			developmentRegion = en;
			hasScannedForEncodings = 0;
			knownRegions = (
				Base,
				en,
			);
			mainGroup = F65A6559101C06CF62837B57;
			packageReferences = (
				CC43C5926C4900646F67EC76 /* XCRemoteSwiftPackageReference "swift-composable-architecture" */,
				6181BDF369D1878DD5A01D23 /* XCRemoteSwiftPackageReference "RJSLibUF" */,
			);
			projectDirPath = "";
			projectRoot = "";
			targets = (
				35E63D868EFBD9C732671E54 /* CTArchitecture */,
				3C0C68BF2534A1543012E716 /* CTArchitectureTests */,
				7D9205EEE8BDCF3A686BDEB3 /* DevTools */,
				E95DB0D8B3F3E9793F5A9496 /* Extensions */,
				7A3D7B428521DDF8E9F2D5F5 /* SwiftLint */,
			);
		};
/* End PBXProject section */

/* Begin PBXResourcesBuildPhase section */
		BFAEF14882420650CFC10F7F /* Resources */ = {
			isa = PBXResourcesBuildPhase;
			buildActionMask = 2147483647;
			files = (
				EBCD6CB9233D1BAC2BF8FA5F /* Assets.xcassets in Resources */,
				A44C08D49011DF45B40C7966 /* LaunchScreen.storyboard in Resources */,
				81B505BAF57C558C63DC6DD0 /* Main.storyboard in Resources */,
			);
			runOnlyForDeploymentPostprocessing = 0;
		};
/* End PBXResourcesBuildPhase section */

/* Begin PBXShellScriptBuildPhase section */
		3920F99CEB438FF20E4F3B98 /* SwiftLint */ = {
			isa = PBXShellScriptBuildPhase;
			buildActionMask = 2147483647;
			files = (
			);
			inputFileListPaths = (
			);
			inputPaths = (
			);
			name = SwiftLint;
			outputFileListPaths = (
			);
			outputPaths = (
			);
			runOnlyForDeploymentPostprocessing = 0;
			shellPath = /bin/bash;
			shellScript = "${SRCROOT}/Scripts/swiftlint.sh\n";
		};
/* End PBXShellScriptBuildPhase section */

/* Begin PBXSourcesBuildPhase section */
		048B5B052DF61ECF5EA362EA /* Sources */ = {
			isa = PBXSourcesBuildPhase;
			buildActionMask = 2147483647;
			files = (
				8D056292AA3458347580E128 /* GoodToGoTests.swift in Sources */,
			);
			runOnlyForDeploymentPostprocessing = 0;
		};
		20026842F31D7986B0A5CE09 /* Sources */ = {
			isa = PBXSourcesBuildPhase;
			buildActionMask = 2147483647;
			files = (
				CA93646B3539F13B2DA64FC6 /* AppDelegate.swift in Sources */,
				96FB861F1C060E3183067C02 /* Extensions.swift in Sources */,
				BAEBC97D7B99D051ED3AD653 /* Prime_V1.swift in Sources */,
				7A7DB1A7235F51A04165B8CC /* Prime_V2.swift in Sources */,
				AE3222013E179DF4AC6C6F88 /* Prime_V3.swift in Sources */,
				6ED25000F4D1B2E0880633D4 /* SceneDelegate.swift in Sources */,
				E7858A47B7D2AB66EA19ED02 /* TabBarController.swift in Sources */,
				686314B07ED0B89A689057D2 /* Todo_V1.ContentView.swift in Sources */,
				1A0914F577E1CB152C863EFD /* Todo_V2.ContentView.swift in Sources */,
				9703BE51FE69C0DD2EA6AE4D /* Todo_V3.ContentView.swift in Sources */,
				3135FDAFEA910A436BA090CC /* Todo_V4.ContentView.swift in Sources */,
				15427BFFB57FB89E243B8F09 /* Todo_V5.ContentView.swift in Sources */,
				1DEBDED2C54B398B994F3C1C /* Todo_V6.ContentView.swift in Sources */,
				F538B6C0D95B0CE303E2704A /* Todo_V7.ContentView.swift in Sources */,
				8F98A78E8326FB5196006513 /* Todo_V8.ContentView.swift in Sources */,
				CFEE262A811AC1E8D9BC841F /* Utils.swift in Sources */,
			);
			runOnlyForDeploymentPostprocessing = 0;
		};
		8164CA1BE4317260FA5A2BDC /* Sources */ = {
			isa = PBXSourcesBuildPhase;
			buildActionMask = 2147483647;
			files = (
			);
			runOnlyForDeploymentPostprocessing = 0;
		};
		985CBA36A6DB8ED9D88E76D2 /* Sources */ = {
			isa = PBXSourcesBuildPhase;
			buildActionMask = 2147483647;
			files = (
				BED50C128EF5B807E168E001 /* DevTools.swift in Sources */,
			);
			runOnlyForDeploymentPostprocessing = 0;
		};
/* End PBXSourcesBuildPhase section */

/* Begin PBXTargetDependency section */
		144076BC44AC16C81967A352 /* PBXTargetDependency */ = {
			isa = PBXTargetDependency;
			productRef = "TEMP_6CF8BEF3-C89F-48F8-9B6B-7B72CC39238A" /* RJSLibUFAppThemes */;
		};
		25F123D5D1D25DB7126B604D /* PBXTargetDependency */ = {
			isa = PBXTargetDependency;
			productRef = "TEMP_5E5DF984-29A7-4D28-B9DB-D13365E4FFCD" /* ComposableArchitecture */;
		};
		28EC1687702C344112D0142C /* PBXTargetDependency */ = {
			isa = PBXTargetDependency;
			productRef = "TEMP_FB8784B4-40B1-415F-8D24-ED75709B78C6" /* RJSLibUFDesignables */;
		};
		7AEBCD562A35714C7920D19A /* PBXTargetDependency */ = {
			isa = PBXTargetDependency;
			target = 7D9205EEE8BDCF3A686BDEB3 /* DevTools */;
			targetProxy = FE79CA5CB8E4B41166512DC7 /* PBXContainerItemProxy */;
		};
		BEF9DC28B16267ED59659AD7 /* PBXTargetDependency */ = {
			isa = PBXTargetDependency;
			target = 35E63D868EFBD9C732671E54 /* CTArchitecture */;
			targetProxy = 6483EF5D4DC865A155E75F02 /* PBXContainerItemProxy */;
		};
		C7866869D24B544D9FC03145 /* PBXTargetDependency */ = {
			isa = PBXTargetDependency;
			target = E95DB0D8B3F3E9793F5A9496 /* Extensions */;
			targetProxy = 2230FC575B200ED5285CFD1E /* PBXContainerItemProxy */;
		};
		CDF43CD9674D26CD69464255 /* PBXTargetDependency */ = {
			isa = PBXTargetDependency;
			productRef = "TEMP_E06C7A48-B8B8-4DAF-86E1-7DB4B7B29403" /* RJSLibUFBase */;
		};
/* End PBXTargetDependency section */

/* Begin PBXVariantGroup section */
		4F390CCBB36E85FEEC33FCEC /* Main.storyboard */ = {
			isa = PBXVariantGroup;
			children = (
				CB296A31239F46173E2178BC /* Base */,
			);
			name = Main.storyboard;
			sourceTree = "<group>";
		};
		E8944E3E8EE09AEC0B8AAAF6 /* LaunchScreen.storyboard */ = {
			isa = PBXVariantGroup;
			children = (
				130487230F2DD5A8B5F68BBD /* Base */,
			);
			name = LaunchScreen.storyboard;
			sourceTree = "<group>";
		};
/* End PBXVariantGroup section */

/* Begin XCBuildConfiguration section */
		0A84F9DA269A6E49F6B9506B /* Debug */ = {
			isa = XCBuildConfiguration;
			buildSettings = {
				ALWAYS_SEARCH_USER_PATHS = NO;
				CLANG_ANALYZER_NONNULL = YES;
				CLANG_ANALYZER_NUMBER_OBJECT_CONVERSION = YES_AGGRESSIVE;
				CLANG_CXX_LANGUAGE_STANDARD = "gnu++14";
				CLANG_CXX_LIBRARY = "libc++";
				CLANG_ENABLE_MODULES = YES;
				CLANG_ENABLE_OBJC_ARC = YES;
				CLANG_ENABLE_OBJC_WEAK = YES;
				CLANG_WARN_BLOCK_CAPTURE_AUTORELEASING = YES;
				CLANG_WARN_BOOL_CONVERSION = YES;
				CLANG_WARN_COMMA = YES;
				CLANG_WARN_CONSTANT_CONVERSION = YES;
				CLANG_WARN_DEPRECATED_OBJC_IMPLEMENTATIONS = YES;
				CLANG_WARN_DIRECT_OBJC_ISA_USAGE = YES_ERROR;
				CLANG_WARN_DOCUMENTATION_COMMENTS = YES;
				CLANG_WARN_EMPTY_BODY = YES;
				CLANG_WARN_ENUM_CONVERSION = YES;
				CLANG_WARN_INFINITE_RECURSION = YES;
				CLANG_WARN_INT_CONVERSION = YES;
				CLANG_WARN_NON_LITERAL_NULL_CONVERSION = YES;
				CLANG_WARN_OBJC_IMPLICIT_RETAIN_SELF = YES;
				CLANG_WARN_OBJC_LITERAL_CONVERSION = YES;
				CLANG_WARN_OBJC_ROOT_CLASS = YES_ERROR;
				CLANG_WARN_QUOTED_INCLUDE_IN_FRAMEWORK_HEADER = YES;
				CLANG_WARN_RANGE_LOOP_ANALYSIS = YES;
				CLANG_WARN_STRICT_PROTOTYPES = YES;
				CLANG_WARN_SUSPICIOUS_MOVE = YES;
				CLANG_WARN_UNGUARDED_AVAILABILITY = YES_AGGRESSIVE;
				CLANG_WARN_UNREACHABLE_CODE = YES;
				CLANG_WARN__DUPLICATE_METHOD_MATCH = YES;
				COPY_PHASE_STRIP = NO;
				DEBUG_INFORMATION_FORMAT = dwarf;
				ENABLE_BITCODE = NO;
				ENABLE_STRICT_OBJC_MSGSEND = YES;
				ENABLE_TESTABILITY = YES;
				GCC_C_LANGUAGE_STANDARD = gnu11;
				GCC_DYNAMIC_NO_PIC = NO;
				GCC_NO_COMMON_BLOCKS = YES;
				GCC_OPTIMIZATION_LEVEL = 0;
				GCC_PREPROCESSOR_DEFINITIONS = (
					"$(inherited)",
					"DEBUG=1",
				);
				GCC_WARN_64_TO_32_BIT_CONVERSION = YES;
				GCC_WARN_ABOUT_RETURN_TYPE = YES_ERROR;
				GCC_WARN_UNDECLARED_SELECTOR = YES;
				GCC_WARN_UNINITIALIZED_AUTOS = YES_AGGRESSIVE;
				GCC_WARN_UNUSED_FUNCTION = YES;
				GCC_WARN_UNUSED_VARIABLE = YES;
				IPHONEOS_DEPLOYMENT_TARGET = 13.0;
				MTL_ENABLE_DEBUG_INFO = INCLUDE_SOURCE;
				MTL_FAST_MATH = YES;
				ONLY_ACTIVE_ARCH = YES;
				PRODUCT_NAME = "$(TARGET_NAME)";
				SDKROOT = iphoneos;
				SWIFT_ACTIVE_COMPILATION_CONDITIONS = DEBUG;
				SWIFT_OPTIMIZATION_LEVEL = "-Onone";
				SWIFT_VERSION = 5.3;
			};
			name = Debug;
		};
		21716E8CC38B9C9B1A290204 /* Release */ = {
			isa = XCBuildConfiguration;
			buildSettings = {
				BUNDLE_LOADER = "$(TEST_HOST)";
				INFOPLIST_FILE = CTArchitectureTests/Info.plist;
				IPHONEOS_DEPLOYMENT_TARGET = 13.0;
				LD_RUNPATH_SEARCH_PATHS = (
					"$(inherited)",
					"@executable_path/Frameworks",
					"@loader_path/Frameworks",
				);
				PRODUCT_BUNDLE_IDENTIFIER = com.rjps.CTArchitecture.CTArchitectureTests;
				SDKROOT = iphoneos;
				TARGETED_DEVICE_FAMILY = "1,2";
				TEST_HOST = "$(BUILT_PRODUCTS_DIR)/CTArchitecture.app/CTArchitecture";
			};
			name = Release;
		};
		47560415C00564CBA6C6531E /* Debug */ = {
			isa = XCBuildConfiguration;
			buildSettings = {
				ASSETCATALOG_COMPILER_APPICON_NAME = AppIcon;
				CODE_SIGN_IDENTITY = "iPhone Developer";
				INFOPLIST_FILE = CTArchitecture/Info.plist;
				IPHONEOS_DEPLOYMENT_TARGET = 13.0;
				LD_RUNPATH_SEARCH_PATHS = (
					"$(inherited)",
					"@executable_path/Frameworks",
				);
				MARKETING_VERSION = 1.0;
				PRODUCT_BUNDLE_IDENTIFIER = com.rjps.CTArchitecture.CTArchitecture;
				SDKROOT = iphoneos;
				TARGETED_DEVICE_FAMILY = "1,2";
			};
			name = Debug;
		};
		6D353E58631EEF9B7EDC5E2B /* Debug */ = {
			isa = XCBuildConfiguration;
			buildSettings = {
				CODE_SIGN_IDENTITY = "";
				CURRENT_PROJECT_VERSION = 1;
				DEFINES_MODULE = YES;
				DYLIB_COMPATIBILITY_VERSION = 1;
				DYLIB_CURRENT_VERSION = 1;
				DYLIB_INSTALL_NAME_BASE = "@rpath";
				INFOPLIST_FILE = DevTools/Info.plist;
				INSTALL_PATH = "$(LOCAL_LIBRARY_DIR)/Frameworks";
				IPHONEOS_DEPLOYMENT_TARGET = 13.0;
				LD_RUNPATH_SEARCH_PATHS = (
					"$(inherited)",
					"@executable_path/Frameworks",
				);
				MARKETING_VERSION = 1.0;
				PRODUCT_BUNDLE_IDENTIFIER = com.rjps.CTArchitecture.DevTools;
				SDKROOT = iphoneos;
				SKIP_INSTALL = YES;
				TARGETED_DEVICE_FAMILY = "1,2";
				VERSIONING_SYSTEM = "apple-generic";
			};
			name = Debug;
		};
		8528D9F8A03B7B50EE878868 /* Debug */ = {
			isa = XCBuildConfiguration;
			buildSettings = {
			};
			name = Debug;
		};
		A5B3DCE7E75736C1C53F5A30 /* Release */ = {
			isa = XCBuildConfiguration;
			buildSettings = {
				ASSETCATALOG_COMPILER_APPICON_NAME = AppIcon;
				CODE_SIGN_IDENTITY = "iPhone Developer";
				INFOPLIST_FILE = CTArchitecture/Info.plist;
				IPHONEOS_DEPLOYMENT_TARGET = 13.0;
				LD_RUNPATH_SEARCH_PATHS = (
					"$(inherited)",
					"@executable_path/Frameworks",
				);
				MARKETING_VERSION = 1.0;
				PRODUCT_BUNDLE_IDENTIFIER = com.rjps.CTArchitecture.CTArchitecture;
				SDKROOT = iphoneos;
				TARGETED_DEVICE_FAMILY = "1,2";
			};
			name = Release;
		};
		CCFB817BD89781D0B2F5C7A6 /* Debug */ = {
			isa = XCBuildConfiguration;
			buildSettings = {
				CODE_SIGN_IDENTITY = "";
				CURRENT_PROJECT_VERSION = 1;
				DEFINES_MODULE = YES;
				DYLIB_COMPATIBILITY_VERSION = 1;
				DYLIB_CURRENT_VERSION = 1;
				DYLIB_INSTALL_NAME_BASE = "@rpath";
				INFOPLIST_FILE = Extensions/Info.plist;
				INSTALL_PATH = "$(LOCAL_LIBRARY_DIR)/Frameworks";
				IPHONEOS_DEPLOYMENT_TARGET = 13.0;
				LD_RUNPATH_SEARCH_PATHS = (
					"$(inherited)",
					"@executable_path/Frameworks",
				);
				MARKETING_VERSION = 1.0;
				PRODUCT_BUNDLE_IDENTIFIER = com.rjps.CTArchitecture.Extensions;
				SDKROOT = iphoneos;
				SKIP_INSTALL = YES;
				TARGETED_DEVICE_FAMILY = "1,2";
				VERSIONING_SYSTEM = "apple-generic";
			};
			name = Debug;
		};
		DC39709C6085C594BD4396E2 /* Debug */ = {
			isa = XCBuildConfiguration;
			buildSettings = {
				BUNDLE_LOADER = "$(TEST_HOST)";
				INFOPLIST_FILE = CTArchitectureTests/Info.plist;
				IPHONEOS_DEPLOYMENT_TARGET = 13.0;
				LD_RUNPATH_SEARCH_PATHS = (
					"$(inherited)",
					"@executable_path/Frameworks",
					"@loader_path/Frameworks",
				);
				PRODUCT_BUNDLE_IDENTIFIER = com.rjps.CTArchitecture.CTArchitectureTests;
				SDKROOT = iphoneos;
				TARGETED_DEVICE_FAMILY = "1,2";
				TEST_HOST = "$(BUILT_PRODUCTS_DIR)/CTArchitecture.app/CTArchitecture";
			};
			name = Debug;
		};
		E0CC18DED2F468A5CE18B89B /* Release */ = {
			isa = XCBuildConfiguration;
			buildSettings = {
				CODE_SIGN_IDENTITY = "";
				CURRENT_PROJECT_VERSION = 1;
				DEFINES_MODULE = YES;
				DYLIB_COMPATIBILITY_VERSION = 1;
				DYLIB_CURRENT_VERSION = 1;
				DYLIB_INSTALL_NAME_BASE = "@rpath";
				INFOPLIST_FILE = Extensions/Info.plist;
				INSTALL_PATH = "$(LOCAL_LIBRARY_DIR)/Frameworks";
				IPHONEOS_DEPLOYMENT_TARGET = 13.0;
				LD_RUNPATH_SEARCH_PATHS = (
					"$(inherited)",
					"@executable_path/Frameworks",
				);
				MARKETING_VERSION = 1.0;
				PRODUCT_BUNDLE_IDENTIFIER = com.rjps.CTArchitecture.Extensions;
				SDKROOT = iphoneos;
				SKIP_INSTALL = YES;
				TARGETED_DEVICE_FAMILY = "1,2";
				VERSIONING_SYSTEM = "apple-generic";
			};
			name = Release;
		};
		F06D593C2B47C1ECE3E61FDB /* Release */ = {
			isa = XCBuildConfiguration;
			buildSettings = {
			};
			name = Release;
		};
		F4FCED87D815F2CF89EC8A3A /* Release */ = {
			isa = XCBuildConfiguration;
			buildSettings = {
				CODE_SIGN_IDENTITY = "";
				CURRENT_PROJECT_VERSION = 1;
				DEFINES_MODULE = YES;
				DYLIB_COMPATIBILITY_VERSION = 1;
				DYLIB_CURRENT_VERSION = 1;
				DYLIB_INSTALL_NAME_BASE = "@rpath";
				INFOPLIST_FILE = DevTools/Info.plist;
				INSTALL_PATH = "$(LOCAL_LIBRARY_DIR)/Frameworks";
				IPHONEOS_DEPLOYMENT_TARGET = 13.0;
				LD_RUNPATH_SEARCH_PATHS = (
					"$(inherited)",
					"@executable_path/Frameworks",
				);
				MARKETING_VERSION = 1.0;
				PRODUCT_BUNDLE_IDENTIFIER = com.rjps.CTArchitecture.DevTools;
				SDKROOT = iphoneos;
				SKIP_INSTALL = YES;
				TARGETED_DEVICE_FAMILY = "1,2";
				VERSIONING_SYSTEM = "apple-generic";
			};
			name = Release;
		};
		FF1940BA50D5E411FE5C03B8 /* Release */ = {
			isa = XCBuildConfiguration;
			buildSettings = {
				ALWAYS_SEARCH_USER_PATHS = NO;
				CLANG_ANALYZER_NONNULL = YES;
				CLANG_ANALYZER_NUMBER_OBJECT_CONVERSION = YES_AGGRESSIVE;
				CLANG_CXX_LANGUAGE_STANDARD = "gnu++14";
				CLANG_CXX_LIBRARY = "libc++";
				CLANG_ENABLE_MODULES = YES;
				CLANG_ENABLE_OBJC_ARC = YES;
				CLANG_ENABLE_OBJC_WEAK = YES;
				CLANG_WARN_BLOCK_CAPTURE_AUTORELEASING = YES;
				CLANG_WARN_BOOL_CONVERSION = YES;
				CLANG_WARN_COMMA = YES;
				CLANG_WARN_CONSTANT_CONVERSION = YES;
				CLANG_WARN_DEPRECATED_OBJC_IMPLEMENTATIONS = YES;
				CLANG_WARN_DIRECT_OBJC_ISA_USAGE = YES_ERROR;
				CLANG_WARN_DOCUMENTATION_COMMENTS = YES;
				CLANG_WARN_EMPTY_BODY = YES;
				CLANG_WARN_ENUM_CONVERSION = YES;
				CLANG_WARN_INFINITE_RECURSION = YES;
				CLANG_WARN_INT_CONVERSION = YES;
				CLANG_WARN_NON_LITERAL_NULL_CONVERSION = YES;
				CLANG_WARN_OBJC_IMPLICIT_RETAIN_SELF = YES;
				CLANG_WARN_OBJC_LITERAL_CONVERSION = YES;
				CLANG_WARN_OBJC_ROOT_CLASS = YES_ERROR;
				CLANG_WARN_QUOTED_INCLUDE_IN_FRAMEWORK_HEADER = YES;
				CLANG_WARN_RANGE_LOOP_ANALYSIS = YES;
				CLANG_WARN_STRICT_PROTOTYPES = YES;
				CLANG_WARN_SUSPICIOUS_MOVE = YES;
				CLANG_WARN_UNGUARDED_AVAILABILITY = YES_AGGRESSIVE;
				CLANG_WARN_UNREACHABLE_CODE = YES;
				CLANG_WARN__DUPLICATE_METHOD_MATCH = YES;
				COPY_PHASE_STRIP = NO;
				DEBUG_INFORMATION_FORMAT = "dwarf-with-dsym";
				ENABLE_BITCODE = NO;
				ENABLE_NS_ASSERTIONS = NO;
				ENABLE_STRICT_OBJC_MSGSEND = YES;
				GCC_C_LANGUAGE_STANDARD = gnu11;
				GCC_NO_COMMON_BLOCKS = YES;
				GCC_WARN_64_TO_32_BIT_CONVERSION = YES;
				GCC_WARN_ABOUT_RETURN_TYPE = YES_ERROR;
				GCC_WARN_UNDECLARED_SELECTOR = YES;
				GCC_WARN_UNINITIALIZED_AUTOS = YES_AGGRESSIVE;
				GCC_WARN_UNUSED_FUNCTION = YES;
				GCC_WARN_UNUSED_VARIABLE = YES;
				IPHONEOS_DEPLOYMENT_TARGET = 13.0;
				MTL_ENABLE_DEBUG_INFO = NO;
				MTL_FAST_MATH = YES;
				PRODUCT_NAME = "$(TARGET_NAME)";
				SDKROOT = iphoneos;
				SWIFT_COMPILATION_MODE = wholemodule;
				SWIFT_OPTIMIZATION_LEVEL = "-O";
				SWIFT_VERSION = 5.3;
			};
			name = Release;
		};
/* End XCBuildConfiguration section */

/* Begin XCConfigurationList section */
		117837531A875D5E7B4567C2 /* Build configuration list for PBXNativeTarget "CTArchitecture" */ = {
			isa = XCConfigurationList;
			buildConfigurations = (
				47560415C00564CBA6C6531E /* Debug */,
				A5B3DCE7E75736C1C53F5A30 /* Release */,
			);
			defaultConfigurationIsVisible = 0;
			defaultConfigurationName = Debug;
		};
		405B6DF4C1847EF0BFEC51DE /* Build configuration list for PBXNativeTarget "CTArchitectureTests" */ = {
			isa = XCConfigurationList;
			buildConfigurations = (
				DC39709C6085C594BD4396E2 /* Debug */,
				21716E8CC38B9C9B1A290204 /* Release */,
			);
			defaultConfigurationIsVisible = 0;
			defaultConfigurationName = Debug;
		};
		811748E27A5A06758898522E /* Build configuration list for PBXNativeTarget "Extensions" */ = {
			isa = XCConfigurationList;
			buildConfigurations = (
				CCFB817BD89781D0B2F5C7A6 /* Debug */,
				E0CC18DED2F468A5CE18B89B /* Release */,
			);
			defaultConfigurationIsVisible = 0;
			defaultConfigurationName = Debug;
		};
		A3C183F9DBD2DF538F4CD666 /* Build configuration list for PBXNativeTarget "DevTools" */ = {
			isa = XCConfigurationList;
			buildConfigurations = (
				6D353E58631EEF9B7EDC5E2B /* Debug */,
				F4FCED87D815F2CF89EC8A3A /* Release */,
			);
			defaultConfigurationIsVisible = 0;
			defaultConfigurationName = Debug;
		};
		E6A0F043CB0399302599F753 /* Build configuration list for PBXAggregateTarget "SwiftLint" */ = {
			isa = XCConfigurationList;
			buildConfigurations = (
				8528D9F8A03B7B50EE878868 /* Debug */,
				F06D593C2B47C1ECE3E61FDB /* Release */,
			);
			defaultConfigurationIsVisible = 0;
			defaultConfigurationName = Debug;
		};
		FE95CDEC6225B51321221B65 /* Build configuration list for PBXProject "CTArchitecture" */ = {
			isa = XCConfigurationList;
			buildConfigurations = (
				0A84F9DA269A6E49F6B9506B /* Debug */,
				FF1940BA50D5E411FE5C03B8 /* Release */,
			);
			defaultConfigurationIsVisible = 0;
			defaultConfigurationName = Debug;
		};
/* End XCConfigurationList section */

/* Begin XCRemoteSwiftPackageReference section */
		6181BDF369D1878DD5A01D23 /* XCRemoteSwiftPackageReference "RJSLibUF" */ = {
			isa = XCRemoteSwiftPackageReference;
			repositoryURL = "https://github.com/ricardopsantos/RJSLibUF";
			requirement = {
				kind = revision;
				revision = 4a6e4231d8026b10b4959cc7a086d328eed08eaa;
			};
		};
		CC43C5926C4900646F67EC76 /* XCRemoteSwiftPackageReference "swift-composable-architecture" */ = {
			isa = XCRemoteSwiftPackageReference;
			repositoryURL = "https://github.com/pointfreeco/swift-composable-architecture";
			requirement = {
				branch = master;
				kind = branch;
			};
		};
/* End XCRemoteSwiftPackageReference section */

/* Begin XCSwiftPackageProductDependency section */
		2EA92284B472E080BE8AFA8C /* RJSLibUFBase */ = {
			isa = XCSwiftPackageProductDependency;
			package = 6181BDF369D1878DD5A01D23 /* XCRemoteSwiftPackageReference "RJSLibUF" */;
			productName = RJSLibUFBase;
		};
		872A9E9AD27290B6A043EA3E /* RJSLibUFAppThemes */ = {
			isa = XCSwiftPackageProductDependency;
			package = 6181BDF369D1878DD5A01D23 /* XCRemoteSwiftPackageReference "RJSLibUF" */;
			productName = RJSLibUFAppThemes;
		};
		B3A34B733A5B7C7AED1668F4 /* RJSLibUFDesignables */ = {
			isa = XCSwiftPackageProductDependency;
			package = 6181BDF369D1878DD5A01D23 /* XCRemoteSwiftPackageReference "RJSLibUF" */;
			productName = RJSLibUFDesignables;
		};
		D6CC9C82B47F946AAA1DBC0D /* ComposableArchitecture */ = {
			isa = XCSwiftPackageProductDependency;
			package = CC43C5926C4900646F67EC76 /* XCRemoteSwiftPackageReference "swift-composable-architecture" */;
			productName = ComposableArchitecture;
		};
		"TEMP_5E5DF984-29A7-4D28-B9DB-D13365E4FFCD" /* ComposableArchitecture */ = {
			isa = XCSwiftPackageProductDependency;
			package = CC43C5926C4900646F67EC76 /* XCRemoteSwiftPackageReference "swift-composable-architecture" */;
			productName = ComposableArchitecture;
		};
		"TEMP_6CF8BEF3-C89F-48F8-9B6B-7B72CC39238A" /* RJSLibUFAppThemes */ = {
			isa = XCSwiftPackageProductDependency;
			package = 6181BDF369D1878DD5A01D23 /* XCRemoteSwiftPackageReference "RJSLibUF" */;
			productName = RJSLibUFAppThemes;
		};
		"TEMP_E06C7A48-B8B8-4DAF-86E1-7DB4B7B29403" /* RJSLibUFBase */ = {
			isa = XCSwiftPackageProductDependency;
			package = 6181BDF369D1878DD5A01D23 /* XCRemoteSwiftPackageReference "RJSLibUF" */;
			productName = RJSLibUFBase;
		};
		"TEMP_FB8784B4-40B1-415F-8D24-ED75709B78C6" /* RJSLibUFDesignables */ = {
			isa = XCSwiftPackageProductDependency;
			package = 6181BDF369D1878DD5A01D23 /* XCRemoteSwiftPackageReference "RJSLibUF" */;
			productName = RJSLibUFDesignables;
		};
/* End XCSwiftPackageProductDependency section */
	};
	rootObject = A509B945C9ED9CF946795F57 /* Project object */;
}
